# DO NOT EDIT MANUALLY - Managed by Fern Replay
version: "1.0"
generations:
  - commit_sha: 6cdc807dbce06ea8b7e9037f018adb6816f39236
    tree_hash: 86240007aae7bfde82f6e453828a4b21974b8d3b
    timestamp: 2026-05-20T07:38:29.115Z
    cli_version: unknown
    generator_versions: {}
  - commit_sha: f6162d3b9e7ae2eb506569dc34938d5bd5f7d427
    tree_hash: 11577f041e5c4d0ef52d53130c965cee5722b53b
    timestamp: 2026-05-26T13:58:19.631Z
    cli_version: unknown
    generator_versions:
      fernapi/fern-python-sdk: 4.42.0
  - commit_sha: 53ea245de6f5ee2ce3e44ee1adc2914eed606dd7
    tree_hash: 55def33f6d7c9729ab626faaa28674aa9060930b
    timestamp: 2026-07-07T10:01:45.138Z
    cli_version: unknown
    generator_versions:
      fernapi/fern-python-sdk: 4.42.0
  - commit_sha: 9a1aed5baf8ba11a6319713529deadb212aa38de
    tree_hash: 24f65efbf6ded828b8e933d54ab259dd6048ccfe
    timestamp: 2026-07-09T07:38:14.043Z
    cli_version: unknown
    generator_versions:
      fernapi/fern-python-sdk: 4.42.0
  - commit_sha: 50965d3c84d178394d7276feaf440e1180077570
    tree_hash: 80f079181bbb8c25740527893363c3c3365293e5
    timestamp: 2026-07-13T08:25:02.899Z
    cli_version: unknown
    generator_versions:
      fernapi/fern-python-sdk: 4.42.0
  - commit_sha: 5f9dcf2dc2258622575d790bbfe7d9e724e8a2e4
    tree_hash: 2526662c1102613c7326d7ccd97b621f40ac8150
    timestamp: 2026-07-22T08:20:47.677Z
    cli_version: unknown
    generator_versions:
      fernapi/fern-python-sdk: 4.64.1
  - commit_sha: a7ccd7a4629a1173eafd554dc3f3505eb1ef105d
    tree_hash: f9c8ba2cb39bdccb64f84b4046ca4485d1cbf6b9
    timestamp: 2026-07-30T10:04:22.461Z
    cli_version: unknown
    generator_versions:
      fernapi/fern-python-sdk: 4.64.1
  - commit_sha: cf7b4949242b5023487088ffa5a2ed6e82ba362a
    tree_hash: 93090600cf9b23cb9aa71e64b5e97a5ed8f5167f
    timestamp: 2026-08-05T09:53:37.453Z
    cli_version: unknown
    generator_versions:
      fernapi/fern-python-sdk: 4.64.1
  - commit_sha: 2c23274cf1033c8274ba000f5c707f4d55699167
    tree_hash: 3a5bf7eae106e53866ff9a129f0243536d035e7c
    timestamp: 2026-08-06T15:18:53.471Z
    cli_version: unknown
    generator_versions:
      fernapi/fern-python-sdk: 4.64.1
  - commit_sha: 1e5d4021226cde19f15c23561bdb4b2ba765989e
    tree_hash: bf7c69be78a0d4728acae1b0621eaad6b1fdf67b
    timestamp: 2026-08-11T10:18:57.895Z
    cli_version: unknown
    generator_versions:
      fernapi/fern-python-sdk: 4.64.1
  - commit_sha: 42e85da7b81ab7cffa012b93a414b46cac013952
    tree_hash: f1c00d92a18a7aee272cf35e2225bb1e20b196cc
    timestamp: 2026-08-13T09:12:22.603Z
    cli_version: unknown
    generator_versions:
      fernapi/fern-python-sdk: 4.64.1
  - commit_sha: 5fac7df460975189992ea93274c4a09b67e8d801
    tree_hash: 7a6227025d514441676ed5b16ef73d3d78e4a51f
    timestamp: 2026-08-25T17:57:00.754Z
    cli_version: unknown
    generator_versions:
      fernapi/fern-python-sdk: 4.64.1
  - commit_sha: 37f9d62bf8e1beadb76c8a62a359c9211ab8959a
    tree_hash: a1cfa73f8562537a8d6712d7161d3b6db1274027
    timestamp: 2026-09-03T11:49:13.814Z
    cli_version: unknown
    generator_versions:
      fernapi/fern-python-sdk: 5.29.1
current_generation: 37f9d62bf8e1beadb76c8a62a359c9211ab8959a
patches: []
dismissals:
  - patch_id: patch-1b45413e
    original_commit: 1b45413e916fda868341ad48225c4b7211017849
    original_message: "[Speech Engine] Add disable_auth parameter (#806)"
    content_hashes:
      - sha256:39ab43ecd30a8791dc5eef09812657f167c0c1dfe33609c89795b12015738682
    dismissed_at: 2026-07-30T10:30:38.774Z
    via: forget
forgotten_hashes:
  - sha256:39ab43ecd30a8791dc5eef09812657f167c0c1dfe33609c89795b12015738682
