# DO NOT EDIT MANUALLY - Managed by Fern Replay
version: "1.0"
generations:
  - commit_sha: 6cdc807dbce06ea8b7e9037f018adb6816f39236
    tree_hash: 86240007aae7bfde82f6e453828a4b21974b8d3b
    timestamp: 2026-05-20T07:38:29.115Z
    cli_version: unknown
    generator_versions: {}
current_generation: 6cdc807dbce06ea8b7e9037f018adb6816f39236
patches: []
